
Microsoft Visual Studio Solution File, Format Version 12.00
# Visual Studio Version 16
VisualStudioVersion = 16.0.29409.12
MinimumVisualStudioVersion = 10.0.40219.1
Project("{FAE04EC0-301F-11D3-BF4B-00C04F79EFBC}") = "Prob 3", "Prob 3\Prob 3.csproj", "{8877896D-4BAF-421C-A630-121A7E0089E3}"
EndProject
Project("{FAE04EC0-301F-11D3-BF4B-00C04F79EFBC}") = "Prob 4", "Prob 4\Prob 4.csproj", "{063AD2A7-57FB-43C3-AFBA-330A5FF82665}"
EndProject
Project("{FAE04EC0-301F-11D3-BF4B-00C04F79EFBC}") = "Prob 5", "Prob 5\Prob 5.csproj", "{8E4CDD64-CC45-4A3C-A31E-B1CFD5AAC4A3}"
EndProject
Global
	GlobalSection(SolutionConfigurationPlatforms) = preSolution
		Debug|Any CPU = Debug|Any CPU
		Release|Any CPU = Release|Any CPU
	EndGlobalSection
	GlobalSection(ProjectConfigurationPlatforms) = postSolution
		{8877896D-4BAF-421C-A630-121A7E0089E3}.Debug|Any CPU.ActiveCfg = Debug|Any CPU
		{8877896D-4BAF-421C-A630-121A7E0089E3}.Debug|Any CPU.Build.0 = Debug|Any CPU
		{8877896D-4BAF-421C-A630-121A7E0089E3}.Release|Any CPU.ActiveCfg = Release|Any CPU
		{8877896D-4BAF-421C-A630-121A7E0089E3}.Release|Any CPU.Build.0 = Release|Any CPU
		{063AD2A7-57FB-43C3-AFBA-330A5FF82665}.Debug|Any CPU.ActiveCfg = Debug|Any CPU
		{063AD2A7-57FB-43C3-AFBA-330A5FF82665}.Debug|Any CPU.Build.0 = Debug|Any CPU
		{063AD2A7-57FB-43C3-AFBA-330A5FF82665}.Release|Any CPU.ActiveCfg = Release|Any CPU
		{063AD2A7-57FB-43C3-AFBA-330A5FF82665}.Release|Any CPU.Build.0 = Release|Any CPU
		{8E4CDD64-CC45-4A3C-A31E-B1CFD5AAC4A3}.Debug|Any CPU.ActiveCfg = Debug|Any CPU
		{8E4CDD64-CC45-4A3C-A31E-B1CFD5AAC4A3}.Debug|Any CPU.Build.0 = Debug|Any CPU
		{8E4CDD64-CC45-4A3C-A31E-B1CFD5AAC4A3}.Release|Any CPU.ActiveCfg = Release|Any CPU
		{8E4CDD64-CC45-4A3C-A31E-B1CFD5AAC4A3}.Release|Any CPU.Build.0 = Release|Any CPU
	EndGlobalSection
	GlobalSection(SolutionProperties) = preSolution
		HideSolutionNode = FALSE
	EndGlobalSection
	GlobalSection(ExtensibilityGlobals) = postSolution
		SolutionGuid = {FDCD4959-1595-4337-B8A5-C53D3E78A70A}
	EndGlobalSection
EndGlobal
